# THIS IS AN AUTOGENERATED FILE. DO NOT EDIT THIS FILE DIRECTLY.
# yarn lockfile v1


react-app-rewired@^2.1.6:
  version "2.1.6"
  resolved "https://registry.npm.taobao.org/react-app-rewired/download/react-app-rewired-2.1.6.tgz#33ee3076a7f34d6a7c94e649cac67e7c8c580de8"
  integrity sha1-M+4wdqfzTWp8lOZJysZ+fIxYDeg=
  dependencies:
    semver "^5.6.0"

semver@^5.6.0:
  version "5.7.1"
  resolved "https://registry.npm.taobao.org/semver/download/semver-5.7.1.tgz?cache=0&sync_timestamp=1586886301819&other_urls=https%3A%2F%2Fregistry.npm.taobao.org%2Fsemver%2Fdownload%2Fsemver-5.7.1.tgz#a954f931aeba508d307bbf069eff0c01c96116f7"
  integrity sha1-qVT5Ma66UI0we78Gnv8MAclhFvc=
